
Microsoft Visual Studio Solution File, Format Version 12.00
# Visual Studio Version 16
VisualStudioVersion = 16.0.31729.503
MinimumVisualStudioVersion = 10.0.40219.1
Project("{FAE04EC0-301F-11D3-BF4B-00C04F79EFBC}") = "PhoneBook", "PhoneBook.csproj", "{D9C8494B-573A-4270-B3BE-0EFA9E8E7041}"
EndProject
Global
	GlobalSection(SolutionConfigurationPlatforms) = preSolution
		Debug|Any CPU = Debug|Any CPU
		Release|Any CPU = Release|Any CPU
	EndGlobalSection
	GlobalSection(ProjectConfigurationPlatforms) = postSolution
		{D9C8494B-573A-4270-B3BE-0EFA9E8E7041}.Debug|Any CPU.ActiveCfg = Debug|Any CPU
		{D9C8494B-573A-4270-B3BE-0EFA9E8E7041}.Debug|Any CPU.Build.0 = Debug|Any CPU
		{D9C8494B-573A-4270-B3BE-0EFA9E8E7041}.Release|Any CPU.ActiveCfg = Release|Any CPU
		{D9C8494B-573A-4270-B3BE-0EFA9E8E7041}.Release|Any CPU.Build.0 = Release|Any CPU
	EndGlobalSection
	GlobalSection(SolutionProperties) = preSolution
		HideSolutionNode = FALSE
	EndGlobalSection
	GlobalSection(ExtensibilityGlobals) = postSolution
		SolutionGuid = {95C6C0B4-98BB-4786-AC98-D96D62D7EA16}
	EndGlobalSection
EndGlobal
